{
  "name": "artes-buho-html",
  "version": "0.2.0",
  "lockfileVersion": 3,
  "requires": true,
  "packages": {
    "": {
      "name": "artes-buho-html",
      "version": "0.2.0",
      "license": "UNLICENSED",
      "dependencies": {
        "artes-buho-api-google": "file:../ARTES-BUHO_API-GOOGLE"
      },
      "engines": {
        "node": ">=18"
      }
    },
    "../ARTES-BUHO_API-GOOGLE": {
      "name": "artes-buho-api-google",
      "version": "0.1.0",
      "license": "UNLICENSED",
      "dependencies": {
        "dotenv": "^16.4.5",
        "google-auth-library": "^9.14.0",
        "googleapis": "^144.0.0",
        "open": "^10.1.0"
      },
      "engines": {
        "node": ">=18"
      }
    },
    "node_modules/artes-buho-api-google": {
      "resolved": "../ARTES-BUHO_API-GOOGLE",
      "link": true
    }
  }
}
